{
  "requires": true,
  "lockfileVersion": 1,
  "dependencies": {
    "mini-antui": {
      "version": "0.4.0",
      "resolved": "https://registry.npmjs.org/mini-antui/-/mini-antui-0.4.0.tgz",
      "integrity": "sha512-iPC6b/0OUmIp+i2shjCras5aPUQ8vqNnKByhC36fYlpgS0j2OC0PEYpb8Ow2sTexoH4pE7BC7OeAPk0ZiaumuA=="
    }
  }
}
